
Microsoft Visual Studio Solution File, Format Version 12.00
# Visual Studio Version 17
VisualStudioVersion = 17.11.35222.181
MinimumVisualStudioVersion = 10.0.40219.1
Project("{FAE04EC0-301F-11D3-BF4B-00C04F79EFBC}") = "Lab_3_Golotaystrov", "Lab_3_Golotaystrov\Lab_3_Golotaystrov.csproj", "{6A46FCE8-1CEC-418D-A644-80E839C4E756}"
EndProject
Global
	GlobalSection(SolutionConfigurationPlatforms) = preSolution
		Debug|Any CPU = Debug|Any CPU
		Release|Any CPU = Release|Any CPU
	EndGlobalSection
	GlobalSection(ProjectConfigurationPlatforms) = postSolution
		{6A46FCE8-1CEC-418D-A644-80E839C4E756}.Debug|Any CPU.ActiveCfg = Debug|Any CPU
		{6A46FCE8-1CEC-418D-A644-80E839C4E756}.Debug|Any CPU.Build.0 = Debug|Any CPU
		{6A46FCE8-1CEC-418D-A644-80E839C4E756}.Release|Any CPU.ActiveCfg = Release|Any CPU
		{6A46FCE8-1CEC-418D-A644-80E839C4E756}.Release|Any CPU.Build.0 = Release|Any CPU
	EndGlobalSection
	GlobalSection(SolutionProperties) = preSolution
		HideSolutionNode = FALSE
	EndGlobalSection
	GlobalSection(ExtensibilityGlobals) = postSolution
		SolutionGuid = {996D114D-85AB-4CE7-9E3B-F7FA0ED6F142}
	EndGlobalSection
EndGlobal
